
Microsoft Visual Studio Solution File, Format Version 12.00
# Visual Studio Version 17
VisualStudioVersion = 17.0.32126.317
MinimumVisualStudioVersion = 10.0.40219.1
Project("{FAE04EC0-301F-11D3-BF4B-00C04F79EFBC}") = "2Lab", "2Lab\2Lab.csproj", "{24CA05F3-0FD8-4307-A11E-D2177EFDEE99}"
EndProject
Global
	GlobalSection(SolutionConfigurationPlatforms) = preSolution
		Debug|Any CPU = Debug|Any CPU
		Release|Any CPU = Release|Any CPU
	EndGlobalSection
	GlobalSection(ProjectConfigurationPlatforms) = postSolution
		{24CA05F3-0FD8-4307-A11E-D2177EFDEE99}.Debug|Any CPU.ActiveCfg = Debug|Any CPU
		{24CA05F3-0FD8-4307-A11E-D2177EFDEE99}.Debug|Any CPU.Build.0 = Debug|Any CPU
		{24CA05F3-0FD8-4307-A11E-D2177EFDEE99}.Release|Any CPU.ActiveCfg = Release|Any CPU
		{24CA05F3-0FD8-4307-A11E-D2177EFDEE99}.Release|Any CPU.Build.0 = Release|Any CPU
	EndGlobalSection
	GlobalSection(SolutionProperties) = preSolution
		HideSolutionNode = FALSE
	EndGlobalSection
	GlobalSection(ExtensibilityGlobals) = postSolution
		SolutionGuid = {51BD2818-1931-4EAF-85C3-426F3637C1CF}
	EndGlobalSection
EndGlobal
